
Microsoft Visual Studio Solution File, Format Version 12.00
# Visual Studio Version 17
VisualStudioVersion = 17.11.35431.28
MinimumVisualStudioVersion = 10.0.40219.1
Project("{FAE04EC0-301F-11D3-BF4B-00C04F79EFBC}") = "MEMORY", "MEMORY\MEMORY.csproj", "{B11947C1-3C47-49DE-BE1B-2006DF784CDE}"
EndProject
Global
	GlobalSection(SolutionConfigurationPlatforms) = preSolution
		Debug|Any CPU = Debug|Any CPU
		Release|Any CPU = Release|Any CPU
	EndGlobalSection
	GlobalSection(ProjectConfigurationPlatforms) = postSolution
		{B11947C1-3C47-49DE-BE1B-2006DF784CDE}.Debug|Any CPU.ActiveCfg = Debug|Any CPU
		{B11947C1-3C47-49DE-BE1B-2006DF784CDE}.Debug|Any CPU.Build.0 = Debug|Any CPU
		{B11947C1-3C47-49DE-BE1B-2006DF784CDE}.Release|Any CPU.ActiveCfg = Release|Any CPU
		{B11947C1-3C47-49DE-BE1B-2006DF784CDE}.Release|Any CPU.Build.0 = Release|Any CPU
	EndGlobalSection
	GlobalSection(SolutionProperties) = preSolution
		HideSolutionNode = FALSE
	EndGlobalSection
	GlobalSection(ExtensibilityGlobals) = postSolution
		SolutionGuid = {F4E6C7F9-53B5-4535-8875-FB1D7D66C644}
	EndGlobalSection
EndGlobal
